
Microsoft Visual Studio Solution File, Format Version 12.00
# Visual Studio Version 16
VisualStudioVersion = 16.0.29411.108
MinimumVisualStudioVersion = 10.0.40219.1
Project("{FAE04EC0-301F-11D3-BF4B-00C04F79EFBC}") = "web-api-write-and-share", "web-api-write-and-share.csproj", "{9228DE1C-F30C-4ECC-8AAC-93EB2BBDDA5B}"
EndProject
Global
	GlobalSection(SolutionConfigurationPlatforms) = preSolution
		Debug|Any CPU = Debug|Any CPU
		Release|Any CPU = Release|Any CPU
	EndGlobalSection
	GlobalSection(ProjectConfigurationPlatforms) = postSolution
		{9228DE1C-F30C-4ECC-8AAC-93EB2BBDDA5B}.Debug|Any CPU.ActiveCfg = Debug|Any CPU
		{9228DE1C-F30C-4ECC-8AAC-93EB2BBDDA5B}.Debug|Any CPU.Build.0 = Debug|Any CPU
		{9228DE1C-F30C-4ECC-8AAC-93EB2BBDDA5B}.Release|Any CPU.ActiveCfg = Release|Any CPU
		{9228DE1C-F30C-4ECC-8AAC-93EB2BBDDA5B}.Release|Any CPU.Build.0 = Release|Any CPU
	EndGlobalSection
	GlobalSection(SolutionProperties) = preSolution
		HideSolutionNode = FALSE
	EndGlobalSection
	GlobalSection(ExtensibilityGlobals) = postSolution
		SolutionGuid = {7FF37FC8-724A-4097-926C-A85C4CD70A14}
	EndGlobalSection
EndGlobal
